
Microsoft Visual Studio Solution File, Format Version 12.00
# Visual Studio Version 17
VisualStudioVersion = 17.7.34221.43
MinimumVisualStudioVersion = 10.0.40219.1
Project("{9A19103F-16F7-4668-BE54-9A1E7A4F7556}") = "TMdllB", "TMdllB\TMdllB.csproj", "{82E7EC1B-271B-450F-B85E-1DE2C3050548}"
EndProject
Project("{9A19103F-16F7-4668-BE54-9A1E7A4F7556}") = "TestingTMdllB", "TestingTMdllB\TestingTMdllB.csproj", "{8C6B09CD-99D1-4613-BC08-48AE85E26889}"
EndProject
Global
	GlobalSection(SolutionConfigurationPlatforms) = preSolution
		Debug|Any CPU = Debug|Any CPU
		Release|Any CPU = Release|Any CPU
	EndGlobalSection
	GlobalSection(ProjectConfigurationPlatforms) = postSolution
		{82E7EC1B-271B-450F-B85E-1DE2C3050548}.Debug|Any CPU.ActiveCfg = Debug|Any CPU
		{82E7EC1B-271B-450F-B85E-1DE2C3050548}.Debug|Any CPU.Build.0 = Debug|Any CPU
		{82E7EC1B-271B-450F-B85E-1DE2C3050548}.Release|Any CPU.ActiveCfg = Release|Any CPU
		{82E7EC1B-271B-450F-B85E-1DE2C3050548}.Release|Any CPU.Build.0 = Release|Any CPU
		{8C6B09CD-99D1-4613-BC08-48AE85E26889}.Debug|Any CPU.ActiveCfg = Debug|Any CPU
		{8C6B09CD-99D1-4613-BC08-48AE85E26889}.Debug|Any CPU.Build.0 = Debug|Any CPU
		{8C6B09CD-99D1-4613-BC08-48AE85E26889}.Release|Any CPU.ActiveCfg = Release|Any CPU
		{8C6B09CD-99D1-4613-BC08-48AE85E26889}.Release|Any CPU.Build.0 = Release|Any CPU
	EndGlobalSection
	GlobalSection(SolutionProperties) = preSolution
		HideSolutionNode = FALSE
	EndGlobalSection
	GlobalSection(ExtensibilityGlobals) = postSolution
		SolutionGuid = {09CD5405-1263-472E-BFD1-5B519B4F7E89}
	EndGlobalSection
EndGlobal
